
Microsoft Visual Studio Solution File, Format Version 12.00
# Visual Studio Version 17
VisualStudioVersion = 17.6.33815.320
MinimumVisualStudioVersion = 10.0.40219.1
Project("{9A19103F-16F7-4668-BE54-9A1E7A4F7556}") = "SkribeSeinSDBot", "SkribeSeinSDBot.csproj", "{1655CDEF-0BED-4FD0-8EBB-C9FF8FE33B45}"
EndProject
Project("{FAE04EC0-301F-11D3-BF4B-00C04F79EFBC}") = "PostProcessOpenApi", "..\PostProcessOpenApi\PostProcessOpenApi.csproj", "{C84D6EEA-A82F-4A6A-B687-3A5C67BE9CB8}"
EndProject
Global
	GlobalSection(SolutionConfigurationPlatforms) = preSolution
		Debug|Any CPU = Debug|Any CPU
		Release|Any CPU = Release|Any CPU
	EndGlobalSection
	GlobalSection(ProjectConfigurationPlatforms) = postSolution
		{1655CDEF-0BED-4FD0-8EBB-C9FF8FE33B45}.Debug|Any CPU.ActiveCfg = Debug|Any CPU
		{1655CDEF-0BED-4FD0-8EBB-C9FF8FE33B45}.Debug|Any CPU.Build.0 = Debug|Any CPU
		{1655CDEF-0BED-4FD0-8EBB-C9FF8FE33B45}.Release|Any CPU.ActiveCfg = Release|Any CPU
		{1655CDEF-0BED-4FD0-8EBB-C9FF8FE33B45}.Release|Any CPU.Build.0 = Release|Any CPU
		{C84D6EEA-A82F-4A6A-B687-3A5C67BE9CB8}.Debug|Any CPU.ActiveCfg = Debug|Any CPU
		{C84D6EEA-A82F-4A6A-B687-3A5C67BE9CB8}.Debug|Any CPU.Build.0 = Debug|Any CPU
		{C84D6EEA-A82F-4A6A-B687-3A5C67BE9CB8}.Release|Any CPU.ActiveCfg = Release|Any CPU
		{C84D6EEA-A82F-4A6A-B687-3A5C67BE9CB8}.Release|Any CPU.Build.0 = Release|Any CPU
	EndGlobalSection
	GlobalSection(SolutionProperties) = preSolution
		HideSolutionNode = FALSE
	EndGlobalSection
	GlobalSection(ExtensibilityGlobals) = postSolution
		SolutionGuid = {AB292766-F361-425A-BE16-317149363E8B}
	EndGlobalSection
EndGlobal
